// !$*UTF8*$!
{
	archiveVersion = 1;
	classes = {
	};
	objectVersion = 50;
	objects = {

/* Begin PBXBuildFile section */
		3C113AF520CFC095005B7826 /* AppDelegate.swift in Sources */ = {isa = PBXBuildFile; fileRef = 3C113AF420CFC095005B7826 /* AppDelegate.swift */; };
		3C113AF720CFC095005B7826 /* ViewController.swift in Sources */ = {isa = PBXBuildFile; fileRef = 3C113AF620CFC095005B7826 /* ViewController.swift */; };
		3C113AFA20CFC095005B7826 /* Main.storyboard in Resources */ = {isa = PBXBuildFile; fileRef = 3C113AF820CFC095005B7826 /* Main.storyboard */; };
		3C113AFC20CFC096005B7826 /* Assets.xcassets in Resources */ = {isa = PBXBuildFile; fileRef = 3C113AFB20CFC096005B7826 /* Assets.xcassets */; };
		3C113AFF20CFC096005B7826 /* LaunchScreen.storyboard in Resources */ = {isa = PBXBuildFile; fileRef = 3C113AFD20CFC096005B7826 /* LaunchScreen.storyboard */; };
		3C113B0A20CFC096005B7826 /* Two_ButtonsTests.swift in Sources */ = {isa = PBXBuildFile; fileRef = 3C113B0920CFC096005B7826 /* Two_ButtonsTests.swift */; };
		3C113B1520CFC096005B7826 /* Two_ButtonsUITests.swift in Sources */ = {isa = PBXBuildFile; fileRef = 3C113B1420CFC096005B7826 /* Two_ButtonsUITests.swift */; };
/* End PBXBuildFile section */

/* Begin PBXContainerItemProxy section */
		3C113B0620CFC096005B7826 /* PBXContainerItemProxy */ = {
			isa = PBXContainerItemProxy;
			containerPortal = 3C113AE920CFC095005B7826 /* Project object */;
			proxyType = 1;
			remoteGlobalIDString = 3C113AF020CFC095005B7826;
			remoteInfo = "Two Buttons";
		};
		3C113B1120CFC096005B7826 /* PBXContainerItemProxy */ = {
			isa = PBXContainerItemProxy;
			containerPortal = 3C113AE920CFC095005B7826 /* Project object */;
			proxyType = 1;
			remoteGlobalIDString = 3C113AF020CFC095005B7826;
			remoteInfo = "Two Buttons";
		};
/* End PBXContainerItemProxy section */

/* Begin PBXFileReference section */
		3C113AF120CFC095005B7826 /* Two Buttons.app */ = {isa = PBXFileReference; explicitFileType = wrapper.application; includeInIndex = 0; path = "Two Buttons.app"; sourceTree = BUILT_PRODUCTS_DIR; };
		3C113AF420CFC095005B7826 /* AppDelegate.swift */ = {isa = PBXFileReference; lastKnownFileType = sourcecode.swift; path = AppDelegate.swift; sourceTree = "<group>"; };
		3C113AF620CFC095005B7826 /* ViewController.swift */ = {isa = PBXFileReference; lastKnownFileType = sourcecode.swift; path = ViewController.swift; sourceTree = "<group>"; };
		3C113AF920CFC095005B7826 /* Base */ = {isa = PBXFileReference; lastKnownFileType = file.storyboard; name = Base; path = Base.lproj/Main.storyboard; sourceTree = "<group>"; };
		3C113AFB20CFC096005B7826 /* Assets.xcassets */ = {isa = PBXFileReference; lastKnownFileType = folder.assetcatalog; path = Assets.xcassets; sourceTree = "<group>"; };
		3C113AFE20CFC096005B7826 /* Base */ = {isa = PBXFileReference; lastKnownFileType = file.storyboard; name = Base; path = Base.lproj/LaunchScreen.storyboard; sourceTree = "<group>"; };
		3C113B0020CFC096005B7826 /* Info.plist */ = {isa = PBXFileReference; lastKnownFileType = text.plist.xml; path = Info.plist; sourceTree = "<group>"; };
		3C113B0520CFC096005B7826 /* Two ButtonsTests.xctest */ = {isa = PBXFileReference; explicitFileType = wrapper.cfbundle; includeInIndex = 0; path = "Two ButtonsTests.xctest"; sourceTree = BUILT_PRODUCTS_DIR; };
		3C113B0920CFC096005B7826 /* Two_ButtonsTests.swift */ = {isa = PBXFileReference; lastKnownFileType = sourcecode.swift; path = Two_ButtonsTests.swift; sourceTree = "<group>"; };
		3C113B0B20CFC096005B7826 /* Info.plist */ = {isa = PBXFileReference; lastKnownFileType = text.plist.xml; path = Info.plist; sourceTree = "<group>"; };
		3C113B1020CFC096005B7826 /* Two ButtonsUITests.xctest */ = {isa = PBXFileReference; explicitFileType = wrapper.cfbundle; includeInIndex = 0; path = "Two ButtonsUITests.xctest"; sourceTree = BUILT_PRODUCTS_DIR; };
		3C113B1420CFC096005B7826 /* Two_ButtonsUITests.swift */ = {isa = PBXFileReference; lastKnownFileType = sourcecode.swift; path = Two_ButtonsUITests.swift; sourceTree = "<group>"; };
		3C113B1620CFC096005B7826 /* Info.plist */ = {isa = PBXFileReference; lastKnownFileType = text.plist.xml; path = Info.plist; sourceTree = "<group>"; };
/* End PBXFileReference section */

/* Begin PBXFrameworksBuildPhase section */
		3C113AEE20CFC095005B7826 /* Frameworks */ = {
			isa = PBXFrameworksBuildPhase;
			buildActionMask = 2147483647;
			files = (
			);
			runOnlyForDeploymentPostprocessing = 0;
		};
		3C113B0220CFC096005B7826 /* Frameworks */ = {
			isa = PBXFrameworksBuildPhase;
			buildActionMask = 2147483647;
			files = (
			);
			runOnlyForDeploymentPostprocessing = 0;
		};
		3C113B0D20CFC096005B7826 /* Frameworks */ = {
			isa = PBXFrameworksBuildPhase;
			buildActionMask = 2147483647;
			files = (
			);
			runOnlyForDeploymentPostprocessing = 0;
		};
/* End PBXFrameworksBuildPhase section */

/* Begin PBXGroup section */
		3C113AE820CFC095005B7826 = {
			isa = PBXGroup;
			children = (
				3C113AF320CFC095005B7826 /* Two Buttons */,
				3C113B0820CFC096005B7826 /* Two ButtonsTests */,
				3C113B1320CFC096005B7826 /* Two ButtonsUITests */,
				3C113AF220CFC095005B7826 /* Products */,
			);
			sourceTree = "<group>";
		};
		3C113AF220CFC095005B7826 /* Products */ = {
			isa = PBXGroup;
			children = (
				3C113AF120CFC095005B7826 /* Two Buttons.app */,
				3C113B0520CFC096005B7826 /* Two ButtonsTests.xctest */,
				3C113B1020CFC096005B7826 /* Two ButtonsUITests.xctest */,
			);
			name = Products;
			sourceTree = "<group>";
		};
		3C113AF320CFC095005B7826 /* Two Buttons */ = {
			isa = PBXGroup;
			children = (
				3C113AF420CFC095005B7826 /* AppDelegate.swift */,
				3C113AF620CFC095005B7826 /* ViewController.swift */,
				3C113AF820CFC095005B7826 /* Main.storyboard */,
				3C113AFB20CFC096005B7826 /* Assets.xcassets */,
				3C113AFD20CFC096005B7826 /* LaunchScreen.storyboard */,
				3C113B0020CFC096005B7826 /* Info.plist */,
			);
			path = "Two Buttons";
			sourceTree = "<group>";
		};
		3C113B0820CFC096005B7826 /* Two ButtonsTests */ = {
			isa = PBXGroup;
			children = (
				3C113B0920CFC096005B7826 /* Two_ButtonsTests.swift */,
				3C113B0B20CFC096005B7826 /* Info.plist */,
			);
			path = "Two ButtonsTests";
			sourceTree = "<group>";
		};
		3C113B1320CFC096005B7826 /* Two ButtonsUITests */ = {
			isa = PBXGroup;
			children = (
				3C113B1420CFC096005B7826 /* Two_ButtonsUITests.swift */,
				3C113B1620CFC096005B7826 /* Info.plist */,
			);
			path = "Two ButtonsUITests";
			sourceTree = "<group>";
		};
/* End PBXGroup section */

/* Begin PBXNativeTarget section */
		3C113AF020CFC095005B7826 /* Two Buttons */ = {
			isa = PBXNativeTarget;
			buildConfigurationList = 3C113B1920CFC096005B7826 /* Build configuration list for PBXNativeTarget "Two Buttons" */;
			buildPhases = (
				3C113AED20CFC095005B7826 /* Sources */,
				3C113AEE20CFC095005B7826 /* Frameworks */,
				3C113AEF20CFC095005B7826 /* Resources */,
			);
			buildRules = (
			);
			dependencies = (
			);
			name = "Two Buttons";
			productName = "Two Buttons";
			productReference = 3C113AF120CFC095005B7826 /* Two Buttons.app */;
			productType = "com.apple.product-type.application";
		};
		3C113B0420CFC096005B7826 /* Two ButtonsTests */ = {
			isa = PBXNativeTarget;
			buildConfigurationList = 3C113B1C20CFC096005B7826 /* Build configuration list for PBXNativeTarget "Two ButtonsTests" */;
			buildPhases = (
				3C113B0120CFC096005B7826 /* Sources */,
				3C113B0220CFC096005B7826 /* Frameworks */,
				3C113B0320CFC096005B7826 /* Resources */,
			);
			buildRules = (
			);
			dependencies = (
				3C113B0720CFC096005B7826 /* PBXTargetDependency */,
			);
			name = "Two ButtonsTests";
			productName = "Two ButtonsTests";
			productReference = 3C113B0520CFC096005B7826 /* Two ButtonsTests.xctest */;
			productType = "com.apple.product-type.bundle.unit-test";
		};
		3C113B0F20CFC096005B7826 /* Two ButtonsUITests */ = {
			isa = PBXNativeTarget;
			buildConfigurationList = 3C113B1F20CFC096005B7826 /* Build configuration list for PBXNativeTarget "Two ButtonsUITests" */;
			buildPhases = (
				3C113B0C20CFC096005B7826 /* Sources */,
				3C113B0D20CFC096005B7826 /* Frameworks */,
				3C113B0E20CFC096005B7826 /* Resources */,
			);
			buildRules = (
			);
			dependencies = (
				3C113B1220CFC096005B7826 /* PBXTargetDependency */,
			);
			name = "Two ButtonsUITests";
			productName = "Two ButtonsUITests";
			productReference = 3C113B1020CFC096005B7826 /* Two ButtonsUITests.xctest */;
			productType = "com.apple.product-type.bundle.ui-testing";
		};
/* End PBXNativeTarget section */

/* Begin PBXProject section */
		3C113AE920CFC095005B7826 /* Project object */ = {
			isa = PBXProject;
			attributes = {
				LastSwiftUpdateCheck = 0940;
				LastUpgradeCheck = 0940;
				ORGANIZATIONNAME = "Tristan Anderson";
				TargetAttributes = {
					3C113AF020CFC095005B7826 = {
						CreatedOnToolsVersion = 9.4;
					};
					3C113B0420CFC096005B7826 = {
						CreatedOnToolsVersion = 9.4;
						TestTargetID = 3C113AF020CFC095005B7826;
					};
					3C113B0F20CFC096005B7826 = {
						CreatedOnToolsVersion = 9.4;
						TestTargetID = 3C113AF020CFC095005B7826;
					};
				};
			};
			buildConfigurationList = 3C113AEC20CFC095005B7826 /* Build configuration list for PBXProject "Two Buttons" */;
			compatibilityVersion = "Xcode 9.3";
			developmentRegion = en;
			hasScannedForEncodings = 0;
			knownRegions = (
				en,
				Base,
			);
			mainGroup = 3C113AE820CFC095005B7826;
			productRefGroup = 3C113AF220CFC095005B7826 /* Products */;
			projectDirPath = "";
			projectRoot = "";
			targets = (
				3C113AF020CFC095005B7826 /* Two Buttons */,
				3C113B0420CFC096005B7826 /* Two ButtonsTests */,
				3C113B0F20CFC096005B7826 /* Two ButtonsUITests */,
			);
		};
/* End PBXProject section */

/* Begin PBXResourcesBuildPhase section */
		3C113AEF20CFC095005B7826 /* Resources */ = {
			isa = PBXResourcesBuildPhase;
			buildActionMask = 2147483647;
			files = (
				3C113AFF20CFC096005B7826 /* LaunchScreen.storyboard in Resources */,
				3C113AFC20CFC096005B7826 /* Assets.xcassets in Resources */,
				3C113AFA20CFC095005B7826 /* Main.storyboard in Resources */,
			);
			runOnlyForDeploymentPostprocessing = 0;
		};
		3C113B0320CFC096005B7826 /* Resources */ = {
			isa = PBXResourcesBuildPhase;
			buildActionMask = 2147483647;
			files = (
			);
			runOnlyForDeploymentPostprocessing = 0;
		};
		3C113B0E20CFC096005B7826 /* Resources */ = {
			isa = PBXResourcesBuildPhase;
			buildActionMask = 2147483647;
			files = (
			);
			runOnlyForDeploymentPostprocessing = 0;
		};
/* End PBXResourcesBuildPhase section */

/* Begin PBXSourcesBuildPhase section */
		3C113AED20CFC095005B7826 /* Sources */ = {
			isa = PBXSourcesBuildPhase;
			buildActionMask = 2147483647;
			files = (
				3C113AF720CFC095005B7826 /* ViewController.swift in Sources */,
				3C113AF520CFC095005B7826 /* AppDelegate.swift in Sources */,
			);
			runOnlyForDeploymentPostprocessing = 0;
		};
		3C113B0120CFC096005B7826 /* Sources */ = {
			isa = PBXSourcesBuildPhase;
			buildActionMask = 2147483647;
			files = (
				3C113B0A20CFC096005B7826 /* Two_ButtonsTests.swift in Sources */,
			);
			runOnlyForDeploymentPostprocessing = 0;
		};
		3C113B0C20CFC096005B7826 /* Sources */ = {
			isa = PBXSourcesBuildPhase;
			buildActionMask = 2147483647;
			files = (
				3C113B1520CFC096005B7826 /* Two_ButtonsUITests.swift in Sources */,
			);
			runOnlyForDeploymentPostprocessing = 0;
		};
/* End PBXSourcesBuildPhase section */

/* Begin PBXTargetDependency section */
		3C113B0720CFC096005B7826 /* PBXTargetDependency */ = {
			isa = PBXTargetDependency;
			target = 3C113AF020CFC095005B7826 /* Two Buttons */;
			targetProxy = 3C113B0620CFC096005B7826 /* PBXContainerItemProxy */;
		};
		3C113B1220CFC096005B7826 /* PBXTargetDependency */ = {
			isa = PBXTargetDependency;
			target = 3C113AF020CFC095005B7826 /* Two Buttons */;
			targetProxy = 3C113B1120CFC096005B7826 /* PBXContainerItemProxy */;
		};
/* End PBXTargetDependency section */

/* Begin PBXVariantGroup section */
		3C113AF820CFC095005B7826 /* Main.storyboard */ = {
			isa = PBXVariantGroup;
			children = (
				3C113AF920CFC095005B7826 /* Base */,
			);
			name = Main.storyboard;
			sourceTree = "<group>";
		};
		3C113AFD20CFC096005B7826 /* LaunchScreen.storyboard */ = {
			isa = PBXVariantGroup;
			children = (
				3C113AFE20CFC096005B7826 /* Base */,
			);
			name = LaunchScreen.storyboard;
			sourceTree = "<group>";
		};
/* End PBXVariantGroup section */

/* Begin XCBuildConfiguration section */
		3C113B1720CFC096005B7826 /* Debug */ = {
			isa = XCBuildConfiguration;
			buildSettings = {
				ALWAYS_SEARCH_USER_PATHS = NO;
				CLANG_ANALYZER_NONNULL = YES;
				CLANG_ANALYZER_NUMBER_OBJECT_CONVERSION = YES_AGGRESSIVE;
				CLANG_CXX_LANGUAGE_STANDARD = "gnu++14";
				CLANG_CXX_LIBRARY = "libc++";
				CLANG_ENABLE_MODULES = YES;
				CLANG_ENABLE_OBJC_ARC = YES;
				CLANG_ENABLE_OBJC_WEAK = YES;
				CLANG_WARN_BLOCK_CAPTURE_AUTORELEASING = YES;
				CLANG_WARN_BOOL_CONVERSION = YES;
				CLANG_WARN_COMMA = YES;
				CLANG_WARN_CONSTANT_CONVERSION = YES;
				CLANG_WARN_DEPRECATED_OBJC_IMPLEMENTATIONS = YES;
				CLANG_WARN_DIRECT_OBJC_ISA_USAGE = YES_ERROR;
				CLANG_WARN_DOCUMENTATION_COMMENTS = YES;
				CLANG_WARN_EMPTY_BODY = YES;
				CLANG_WARN_ENUM_CONVERSION = YES;
				CLANG_WARN_INFINITE_RECURSION = YES;
				CLANG_WARN_INT_CONVERSION = YES;
				CLANG_WARN_NON_LITERAL_NULL_CONVERSION = YES;
				CLANG_WARN_OBJC_IMPLICIT_RETAIN_SELF = YES;
				CLANG_WARN_OBJC_LITERAL_CONVERSION = YES;
				CLANG_WARN_OBJC_ROOT_CLASS = YES_ERROR;
				CLANG_WARN_RANGE_LOOP_ANALYSIS = YES;
				CLANG_WARN_STRICT_PROTOTYPES = YES;
				CLANG_WARN_SUSPICIOUS_MOVE = YES;
				CLANG_WARN_UNGUARDED_AVAILABILITY = YES_AGGRESSIVE;
				CLANG_WARN_UNREACHABLE_CODE = YES;
				CLANG_WARN__DUPLICATE_METHOD_MATCH = YES;
				CODE_SIGN_IDENTITY = "iPhone Developer";
				COPY_PHASE_STRIP = NO;
				DEBUG_INFORMATION_FORMAT = dwarf;
				ENABLE_STRICT_OBJC_MSGSEND = YES;
				ENABLE_TESTABILITY = YES;
				GCC_C_LANGUAGE_STANDARD = gnu11;
				GCC_DYNAMIC_NO_PIC = NO;
				GCC_NO_COMMON_BLOCKS = YES;
				GCC_OPTIMIZATION_LEVEL = 0;
				GCC_PREPROCESSOR_DEFINITIONS = (
					"DEBUG=1",
					"$(inherited)",
				);
				GCC_WARN_64_TO_32_BIT_CONVERSION = YES;
				GCC_WARN_ABOUT_RETURN_TYPE = YES_ERROR;
				GCC_WARN_UNDECLARED_SELECTOR = YES;
				GCC_WARN_UNINITIALIZED_AUTOS = YES_AGGRESSIVE;
				GCC_WARN_UNUSED_FUNCTION = YES;
				GCC_WARN_UNUSED_VARIABLE = YES;
				IPHONEOS_DEPLOYMENT_TARGET = 11.4;
				MTL_ENABLE_DEBUG_INFO = YES;
				ONLY_ACTIVE_ARCH = YES;
				SDKROOT = iphoneos;
				SWIFT_ACTIVE_COMPILATION_CONDITIONS = DEBUG;
				SWIFT_OPTIMIZATION_LEVEL = "-Onone";
			};
			name = Debug;
		};
		3C113B1820CFC096005B7826 /* Release */ = {
			isa = XCBuildConfiguration;
			buildSettings = {
				ALWAYS_SEARCH_USER_PATHS = NO;
				CLANG_ANALYZER_NONNULL = YES;
				CLANG_ANALYZER_NUMBER_OBJECT_CONVERSION = YES_AGGRESSIVE;
				CLANG_CXX_LANGUAGE_STANDARD = "gnu++14";
				CLANG_CXX_LIBRARY = "libc++";
				CLANG_ENABLE_MODULES = YES;
				CLANG_ENABLE_OBJC_ARC = YES;
				CLANG_ENABLE_OBJC_WEAK = YES;
				CLANG_WARN_BLOCK_CAPTURE_AUTORELEASING = YES;
				CLANG_WARN_BOOL_CONVERSION = YES;
				CLANG_WARN_COMMA = YES;
				CLANG_WARN_CONSTANT_CONVERSION = YES;
				CLANG_WARN_DEPRECATED_OBJC_IMPLEMENTATIONS = YES;
				CLANG_WARN_DIRECT_OBJC_ISA_USAGE = YES_ERROR;
				CLANG_WARN_DOCUMENTATION_COMMENTS = YES;
				CLANG_WARN_EMPTY_BODY = YES;
				CLANG_WARN_ENUM_CONVERSION = YES;
				CLANG_WARN_INFINITE_RECURSION = YES;
				CLANG_WARN_INT_CONVERSION = YES;
				CLANG_WARN_NON_LITERAL_NULL_CONVERSION = YES;
				CLANG_WARN_OBJC_IMPLICIT_RETAIN_SELF = YES;
				CLANG_WARN_OBJC_LITERAL_CONVERSION = YES;
				CLANG_WARN_OBJC_ROOT_CLASS = YES_ERROR;
				CLANG_WARN_RANGE_LOOP_ANALYSIS = YES;
				CLANG_WARN_STRICT_PROTOTYPES = YES;
				CLANG_WARN_SUSPICIOUS_MOVE = YES;
				CLANG_WARN_UNGUARDED_AVAILABILITY = YES_AGGRESSIVE;
				CLANG_WARN_UNREACHABLE_CODE = YES;
				CLANG_WARN__DUPLICATE_METHOD_MATCH = YES;
				CODE_SIGN_IDENTITY = "iPhone Developer";
				COPY_PHASE_STRIP = NO;
				DEBUG_INFORMATION_FORMAT = "dwarf-with-dsym";
				ENABLE_NS_ASSERTIONS = NO;
				ENABLE_STRICT_OBJC_MSGSEND = YES;
				GCC_C_LANGUAGE_STANDARD = gnu11;
				GCC_NO_COMMON_BLOCKS = YES;
				GCC_WARN_64_TO_32_BIT_CONVERSION = YES;
				GCC_WARN_ABOUT_RETURN_TYPE = YES_ERROR;
				GCC_WARN_UNDECLARED_SELECTOR = YES;
				GCC_WARN_UNINITIALIZED_AUTOS = YES_AGGRESSIVE;
				GCC_WARN_UNUSED_FUNCTION = YES;
				GCC_WARN_UNUSED_VARIABLE = YES;
				IPHONEOS_DEPLOYMENT_TARGET = 11.4;
				MTL_ENABLE_DEBUG_INFO = NO;
				SDKROOT = iphoneos;
				SWIFT_COMPILATION_MODE = wholemodule;
				SWIFT_OPTIMIZATION_LEVEL = "-O";
				VALIDATE_PRODUCT = YES;
			};
			name = Release;
		};
		3C113B1A20CFC096005B7826 /* Debug */ = {
			isa = XCBuildConfiguration;
			buildSettings = {
				ASSETCATALOG_COMPILER_APPICON_NAME = AppIcon;
				CODE_SIGN_STYLE = Automatic;
				DEVELOPMENT_TEAM = 22BZVH4RU7;
				INFOPLIST_FILE = "Two Buttons/Info.plist";
				LD_RUNPATH_SEARCH_PATHS = (
					"$(inherited)",
					"@executable_path/Frameworks",
				);
				PRODUCT_BUNDLE_IDENTIFIER = "tevedeh.Two-Buttons";
				PRODUCT_NAME = "$(TARGET_NAME)";
				SWIFT_VERSION = 4.0;
				TARGETED_DEVICE_FAMILY = "1,2";
			};
			name = Debug;
		};
		3C113B1B20CFC096005B7826 /* Release */ = {
			isa = XCBuildConfiguration;
			buildSettings = {
				ASSETCATALOG_COMPILER_APPICON_NAME = AppIcon;
				CODE_SIGN_STYLE = Automatic;
				DEVELOPMENT_TEAM = 22BZVH4RU7;
				INFOPLIST_FILE = "Two Buttons/Info.plist";
				LD_RUNPATH_SEARCH_PATHS = (
					"$(inherited)",
					"@executable_path/Frameworks",
				);
				PRODUCT_BUNDLE_IDENTIFIER = "tevedeh.Two-Buttons";
				PRODUCT_NAME = "$(TARGET_NAME)";
				SWIFT_VERSION = 4.0;
				TARGETED_DEVICE_FAMILY = "1,2";
			};
			name = Release;
		};
		3C113B1D20CFC096005B7826 /* Debug */ = {
			isa = XCBuildConfiguration;
			buildSettings = {
				ALWAYS_EMBED_SWIFT_STANDARD_LIBRARIES = YES;
				BUNDLE_LOADER = "$(TEST_HOST)";
				CODE_SIGN_STYLE = Automatic;
				DEVELOPMENT_TEAM = 22BZVH4RU7;
				INFOPLIST_FILE = "Two ButtonsTests/Info.plist";
				LD_RUNPATH_SEARCH_PATHS = (
					"$(inherited)",
					"@executable_path/Frameworks",
					"@loader_path/Frameworks",
				);
				PRODUCT_BUNDLE_IDENTIFIER = "tevedeh.Two-ButtonsTests";
				PRODUCT_NAME = "$(TARGET_NAME)";
				SWIFT_VERSION = 4.0;
				TARGETED_DEVICE_FAMILY = "1,2";
				TEST_HOST = "$(BUILT_PRODUCTS_DIR)/Two Buttons.app/Two Buttons";
			};
			name = Debug;
		};
		3C113B1E20CFC096005B7826 /* Release */ = {
			isa = XCBuildConfiguration;
			buildSettings = {
				ALWAYS_EMBED_SWIFT_STANDARD_LIBRARIES = YES;
				BUNDLE_LOADER = "$(TEST_HOST)";
				CODE_SIGN_STYLE = Automatic;
				DEVELOPMENT_TEAM = 22BZVH4RU7;
				INFOPLIST_FILE = "Two ButtonsTests/Info.plist";
				LD_RUNPATH_SEARCH_PATHS = (
					"$(inherited)",
					"@executable_path/Frameworks",
					"@loader_path/Frameworks",
				);
				PRODUCT_BUNDLE_IDENTIFIER = "tevedeh.Two-ButtonsTests";
				PRODUCT_NAME = "$(TARGET_NAME)";
				SWIFT_VERSION = 4.0;
				TARGETED_DEVICE_FAMILY = "1,2";
				TEST_HOST = "$(BUILT_PRODUCTS_DIR)/Two Buttons.app/Two Buttons";
			};
			name = Release;
		};
		3C113B2020CFC096005B7826 /* Debug */ = {
			isa = XCBuildConfiguration;
			buildSettings = {
				ALWAYS_EMBED_SWIFT_STANDARD_LIBRARIES = YES;
				CODE_SIGN_STYLE = Automatic;
				DEVELOPMENT_TEAM = 22BZVH4RU7;
				INFOPLIST_FILE = "Two ButtonsUITests/Info.plist";
				LD_RUNPATH_SEARCH_PATHS = (
					"$(inherited)",
					"@executable_path/Frameworks",
					"@loader_path/Frameworks",
				);
				PRODUCT_BUNDLE_IDENTIFIER = "tevedeh.Two-ButtonsUITests";
				PRODUCT_NAME = "$(TARGET_NAME)";
				SWIFT_VERSION = 4.0;
				TARGETED_DEVICE_FAMILY = "1,2";
				TEST_TARGET_NAME = "Two Buttons";
			};
			name = Debug;
		};
		3C113B2120CFC096005B7826 /* Release */ = {
			isa = XCBuildConfiguration;
			buildSettings = {
				ALWAYS_EMBED_SWIFT_STANDARD_LIBRARIES = YES;
				CODE_SIGN_STYLE = Automatic;
				DEVELOPMENT_TEAM = 22BZVH4RU7;
				INFOPLIST_FILE = "Two ButtonsUITests/Info.plist";
				LD_RUNPATH_SEARCH_PATHS = (
					"$(inherited)",
					"@executable_path/Frameworks",
					"@loader_path/Frameworks",
				);
				PRODUCT_BUNDLE_IDENTIFIER = "tevedeh.Two-ButtonsUITests";
				PRODUCT_NAME = "$(TARGET_NAME)";
				SWIFT_VERSION = 4.0;
				TARGETED_DEVICE_FAMILY = "1,2";
				TEST_TARGET_NAME = "Two Buttons";
			};
			name = Release;
		};
/* End XCBuildConfiguration section */

/* Begin XCConfigurationList section */
		3C113AEC20CFC095005B7826 /* Build configuration list for PBXProject "Two Buttons" */ = {
			isa = XCConfigurationList;
			buildConfigurations = (
				3C113B1720CFC096005B7826 /* Debug */,
				3C113B1820CFC096005B7826 /* Release */,
			);
			defaultConfigurationIsVisible = 0;
			defaultConfigurationName = Release;
		};
		3C113B1920CFC096005B7826 /* Build configuration list for PBXNativeTarget "Two Buttons" */ = {
			isa = XCConfigurationList;
			buildConfigurations = (
				3C113B1A20CFC096005B7826 /* Debug */,
				3C113B1B20CFC096005B7826 /* Release */,
			);
			defaultConfigurationIsVisible = 0;
			defaultConfigurationName = Release;
		};
		3C113B1C20CFC096005B7826 /* Build configuration list for PBXNativeTarget "Two ButtonsTests" */ = {
			isa = XCConfigurationList;
			buildConfigurations = (
				3C113B1D20CFC096005B7826 /* Debug */,
				3C113B1E20CFC096005B7826 /* Release */,
			);
			defaultConfigurationIsVisible = 0;
			defaultConfigurationName = Release;
		};
		3C113B1F20CFC096005B7826 /* Build configuration list for PBXNativeTarget "Two ButtonsUITests" */ = {
			isa = XCConfigurationList;
			buildConfigurations = (
				3C113B2020CFC096005B7826 /* Debug */,
				3C113B2120CFC096005B7826 /* Release */,
			);
			defaultConfigurationIsVisible = 0;
			defaultConfigurationName = Release;
		};
/* End XCConfigurationList section */
	};
	rootObject = 3C113AE920CFC095005B7826 /* Project object */;
}
