// !$*UTF8*$!
{
	archiveVersion = 1;
	classes = {
	};
	objectVersion = 50;
	objects = {

/* Begin PBXBuildFile section */
		3C6808F820D0417400A5D2FB /* AppDelegate.swift in Sources */ = {isa = PBXBuildFile; fileRef = 3C6808F720D0417400A5D2FB /* AppDelegate.swift */; };
		3C6808FA20D0417400A5D2FB /* ViewController.swift in Sources */ = {isa = PBXBuildFile; fileRef = 3C6808F920D0417400A5D2FB /* ViewController.swift */; };
		3C6808FD20D0417400A5D2FB /* Main.storyboard in Resources */ = {isa = PBXBuildFile; fileRef = 3C6808FB20D0417400A5D2FB /* Main.storyboard */; };
		3C6808FF20D0417500A5D2FB /* Assets.xcassets in Resources */ = {isa = PBXBuildFile; fileRef = 3C6808FE20D0417500A5D2FB /* Assets.xcassets */; };
		3C68090220D0417500A5D2FB /* LaunchScreen.storyboard in Resources */ = {isa = PBXBuildFile; fileRef = 3C68090020D0417500A5D2FB /* LaunchScreen.storyboard */; };
		3C68090D20D0417500A5D2FB /* AutoLayoutPracticeTests.swift in Sources */ = {isa = PBXBuildFile; fileRef = 3C68090C20D0417500A5D2FB /* AutoLayoutPracticeTests.swift */; };
		3C68091820D0417500A5D2FB /* AutoLayoutPracticeUITests.swift in Sources */ = {isa = PBXBuildFile; fileRef = 3C68091720D0417500A5D2FB /* AutoLayoutPracticeUITests.swift */; };
/* End PBXBuildFile section */

/* Begin PBXContainerItemProxy section */
		3C68090920D0417500A5D2FB /* PBXContainerItemProxy */ = {
			isa = PBXContainerItemProxy;
			containerPortal = 3C6808EC20D0417400A5D2FB /* Project object */;
			proxyType = 1;
			remoteGlobalIDString = 3C6808F320D0417400A5D2FB;
			remoteInfo = AutoLayoutPractice;
		};
		3C68091420D0417500A5D2FB /* PBXContainerItemProxy */ = {
			isa = PBXContainerItemProxy;
			containerPortal = 3C6808EC20D0417400A5D2FB /* Project object */;
			proxyType = 1;
			remoteGlobalIDString = 3C6808F320D0417400A5D2FB;
			remoteInfo = AutoLayoutPractice;
		};
/* End PBXContainerItemProxy section */

/* Begin PBXFileReference section */
		3C6808F420D0417400A5D2FB /* AutoLayoutPractice.app */ = {isa = PBXFileReference; explicitFileType = wrapper.application; includeInIndex = 0; path = AutoLayoutPractice.app; sourceTree = BUILT_PRODUCTS_DIR; };
		3C6808F720D0417400A5D2FB /* AppDelegate.swift */ = {isa = PBXFileReference; lastKnownFileType = sourcecode.swift; path = AppDelegate.swift; sourceTree = "<group>"; };
		3C6808F920D0417400A5D2FB /* ViewController.swift */ = {isa = PBXFileReference; lastKnownFileType = sourcecode.swift; path = ViewController.swift; sourceTree = "<group>"; };
		3C6808FC20D0417400A5D2FB /* Base */ = {isa = PBXFileReference; lastKnownFileType = file.storyboard; name = Base; path = Base.lproj/Main.storyboard; sourceTree = "<group>"; };
		3C6808FE20D0417500A5D2FB /* Assets.xcassets */ = {isa = PBXFileReference; lastKnownFileType = folder.assetcatalog; path = Assets.xcassets; sourceTree = "<group>"; };
		3C68090120D0417500A5D2FB /* Base */ = {isa = PBXFileReference; lastKnownFileType = file.storyboard; name = Base; path = Base.lproj/LaunchScreen.storyboard; sourceTree = "<group>"; };
		3C68090320D0417500A5D2FB /* Info.plist */ = {isa = PBXFileReference; lastKnownFileType = text.plist.xml; path = Info.plist; sourceTree = "<group>"; };
		3C68090820D0417500A5D2FB /* AutoLayoutPracticeTests.xctest */ = {isa = PBXFileReference; explicitFileType = wrapper.cfbundle; includeInIndex = 0; path = AutoLayoutPracticeTests.xctest; sourceTree = BUILT_PRODUCTS_DIR; };
		3C68090C20D0417500A5D2FB /* AutoLayoutPracticeTests.swift */ = {isa = PBXFileReference; lastKnownFileType = sourcecode.swift; path = AutoLayoutPracticeTests.swift; sourceTree = "<group>"; };
		3C68090E20D0417500A5D2FB /* Info.plist */ = {isa = PBXFileReference; lastKnownFileType = text.plist.xml; path = Info.plist; sourceTree = "<group>"; };
		3C68091320D0417500A5D2FB /* AutoLayoutPracticeUITests.xctest */ = {isa = PBXFileReference; explicitFileType = wrapper.cfbundle; includeInIndex = 0; path = AutoLayoutPracticeUITests.xctest; sourceTree = BUILT_PRODUCTS_DIR; };
		3C68091720D0417500A5D2FB /* AutoLayoutPracticeUITests.swift */ = {isa = PBXFileReference; lastKnownFileType = sourcecode.swift; path = AutoLayoutPracticeUITests.swift; sourceTree = "<group>"; };
		3C68091920D0417500A5D2FB /* Info.plist */ = {isa = PBXFileReference; lastKnownFileType = text.plist.xml; path = Info.plist; sourceTree = "<group>"; };
/* End PBXFileReference section */

/* Begin PBXFrameworksBuildPhase section */
		3C6808F120D0417400A5D2FB /* Frameworks */ = {
			isa = PBXFrameworksBuildPhase;
			buildActionMask = 2147483647;
			files = (
			);
			runOnlyForDeploymentPostprocessing = 0;
		};
		3C68090520D0417500A5D2FB /* Frameworks */ = {
			isa = PBXFrameworksBuildPhase;
			buildActionMask = 2147483647;
			files = (
			);
			runOnlyForDeploymentPostprocessing = 0;
		};
		3C68091020D0417500A5D2FB /* Frameworks */ = {
			isa = PBXFrameworksBuildPhase;
			buildActionMask = 2147483647;
			files = (
			);
			runOnlyForDeploymentPostprocessing = 0;
		};
/* End PBXFrameworksBuildPhase section */

/* Begin PBXGroup section */
		3C6808EB20D0417400A5D2FB = {
			isa = PBXGroup;
			children = (
				3C6808F620D0417400A5D2FB /* AutoLayoutPractice */,
				3C68090B20D0417500A5D2FB /* AutoLayoutPracticeTests */,
				3C68091620D0417500A5D2FB /* AutoLayoutPracticeUITests */,
				3C6808F520D0417400A5D2FB /* Products */,
			);
			sourceTree = "<group>";
		};
		3C6808F520D0417400A5D2FB /* Products */ = {
			isa = PBXGroup;
			children = (
				3C6808F420D0417400A5D2FB /* AutoLayoutPractice.app */,
				3C68090820D0417500A5D2FB /* AutoLayoutPracticeTests.xctest */,
				3C68091320D0417500A5D2FB /* AutoLayoutPracticeUITests.xctest */,
			);
			name = Products;
			sourceTree = "<group>";
		};
		3C6808F620D0417400A5D2FB /* AutoLayoutPractice */ = {
			isa = PBXGroup;
			children = (
				3C6808F720D0417400A5D2FB /* AppDelegate.swift */,
				3C6808F920D0417400A5D2FB /* ViewController.swift */,
				3C6808FB20D0417400A5D2FB /* Main.storyboard */,
				3C6808FE20D0417500A5D2FB /* Assets.xcassets */,
				3C68090020D0417500A5D2FB /* LaunchScreen.storyboard */,
				3C68090320D0417500A5D2FB /* Info.plist */,
			);
			path = AutoLayoutPractice;
			sourceTree = "<group>";
		};
		3C68090B20D0417500A5D2FB /* AutoLayoutPracticeTests */ = {
			isa = PBXGroup;
			children = (
				3C68090C20D0417500A5D2FB /* AutoLayoutPracticeTests.swift */,
				3C68090E20D0417500A5D2FB /* Info.plist */,
			);
			path = AutoLayoutPracticeTests;
			sourceTree = "<group>";
		};
		3C68091620D0417500A5D2FB /* AutoLayoutPracticeUITests */ = {
			isa = PBXGroup;
			children = (
				3C68091720D0417500A5D2FB /* AutoLayoutPracticeUITests.swift */,
				3C68091920D0417500A5D2FB /* Info.plist */,
			);
			path = AutoLayoutPracticeUITests;
			sourceTree = "<group>";
		};
/* End PBXGroup section */

/* Begin PBXNativeTarget section */
		3C6808F320D0417400A5D2FB /* AutoLayoutPractice */ = {
			isa = PBXNativeTarget;
			buildConfigurationList = 3C68091C20D0417500A5D2FB /* Build configuration list for PBXNativeTarget "AutoLayoutPractice" */;
			buildPhases = (
				3C6808F020D0417400A5D2FB /* Sources */,
				3C6808F120D0417400A5D2FB /* Frameworks */,
				3C6808F220D0417400A5D2FB /* Resources */,
			);
			buildRules = (
			);
			dependencies = (
			);
			name = AutoLayoutPractice;
			productName = AutoLayoutPractice;
			productReference = 3C6808F420D0417400A5D2FB /* AutoLayoutPractice.app */;
			productType = "com.apple.product-type.application";
		};
		3C68090720D0417500A5D2FB /* AutoLayoutPracticeTests */ = {
			isa = PBXNativeTarget;
			buildConfigurationList = 3C68091F20D0417500A5D2FB /* Build configuration list for PBXNativeTarget "AutoLayoutPracticeTests" */;
			buildPhases = (
				3C68090420D0417500A5D2FB /* Sources */,
				3C68090520D0417500A5D2FB /* Frameworks */,
				3C68090620D0417500A5D2FB /* Resources */,
			);
			buildRules = (
			);
			dependencies = (
				3C68090A20D0417500A5D2FB /* PBXTargetDependency */,
			);
			name = AutoLayoutPracticeTests;
			productName = AutoLayoutPracticeTests;
			productReference = 3C68090820D0417500A5D2FB /* AutoLayoutPracticeTests.xctest */;
			productType = "com.apple.product-type.bundle.unit-test";
		};
		3C68091220D0417500A5D2FB /* AutoLayoutPracticeUITests */ = {
			isa = PBXNativeTarget;
			buildConfigurationList = 3C68092220D0417500A5D2FB /* Build configuration list for PBXNativeTarget "AutoLayoutPracticeUITests" */;
			buildPhases = (
				3C68090F20D0417500A5D2FB /* Sources */,
				3C68091020D0417500A5D2FB /* Frameworks */,
				3C68091120D0417500A5D2FB /* Resources */,
			);
			buildRules = (
			);
			dependencies = (
				3C68091520D0417500A5D2FB /* PBXTargetDependency */,
			);
			name = AutoLayoutPracticeUITests;
			productName = AutoLayoutPracticeUITests;
			productReference = 3C68091320D0417500A5D2FB /* AutoLayoutPracticeUITests.xctest */;
			productType = "com.apple.product-type.bundle.ui-testing";
		};
/* End PBXNativeTarget section */

/* Begin PBXProject section */
		3C6808EC20D0417400A5D2FB /* Project object */ = {
			isa = PBXProject;
			attributes = {
				LastSwiftUpdateCheck = 0940;
				LastUpgradeCheck = 0940;
				ORGANIZATIONNAME = "Tristan Anderson";
				TargetAttributes = {
					3C6808F320D0417400A5D2FB = {
						CreatedOnToolsVersion = 9.4;
					};
					3C68090720D0417500A5D2FB = {
						CreatedOnToolsVersion = 9.4;
						TestTargetID = 3C6808F320D0417400A5D2FB;
					};
					3C68091220D0417500A5D2FB = {
						CreatedOnToolsVersion = 9.4;
						TestTargetID = 3C6808F320D0417400A5D2FB;
					};
				};
			};
			buildConfigurationList = 3C6808EF20D0417400A5D2FB /* Build configuration list for PBXProject "AutoLayoutPractice" */;
			compatibilityVersion = "Xcode 9.3";
			developmentRegion = en;
			hasScannedForEncodings = 0;
			knownRegions = (
				en,
				Base,
			);
			mainGroup = 3C6808EB20D0417400A5D2FB;
			productRefGroup = 3C6808F520D0417400A5D2FB /* Products */;
			projectDirPath = "";
			projectRoot = "";
			targets = (
				3C6808F320D0417400A5D2FB /* AutoLayoutPractice */,
				3C68090720D0417500A5D2FB /* AutoLayoutPracticeTests */,
				3C68091220D0417500A5D2FB /* AutoLayoutPracticeUITests */,
			);
		};
/* End PBXProject section */

/* Begin PBXResourcesBuildPhase section */
		3C6808F220D0417400A5D2FB /* Resources */ = {
			isa = PBXResourcesBuildPhase;
			buildActionMask = 2147483647;
			files = (
				3C68090220D0417500A5D2FB /* LaunchScreen.storyboard in Resources */,
				3C6808FF20D0417500A5D2FB /* Assets.xcassets in Resources */,
				3C6808FD20D0417400A5D2FB /* Main.storyboard in Resources */,
			);
			runOnlyForDeploymentPostprocessing = 0;
		};
		3C68090620D0417500A5D2FB /* Resources */ = {
			isa = PBXResourcesBuildPhase;
			buildActionMask = 2147483647;
			files = (
			);
			runOnlyForDeploymentPostprocessing = 0;
		};
		3C68091120D0417500A5D2FB /* Resources */ = {
			isa = PBXResourcesBuildPhase;
			buildActionMask = 2147483647;
			files = (
			);
			runOnlyForDeploymentPostprocessing = 0;
		};
/* End PBXResourcesBuildPhase section */

/* Begin PBXSourcesBuildPhase section */
		3C6808F020D0417400A5D2FB /* Sources */ = {
			isa = PBXSourcesBuildPhase;
			buildActionMask = 2147483647;
			files = (
				3C6808FA20D0417400A5D2FB /* ViewController.swift in Sources */,
				3C6808F820D0417400A5D2FB /* AppDelegate.swift in Sources */,
			);
			runOnlyForDeploymentPostprocessing = 0;
		};
		3C68090420D0417500A5D2FB /* Sources */ = {
			isa = PBXSourcesBuildPhase;
			buildActionMask = 2147483647;
			files = (
				3C68090D20D0417500A5D2FB /* AutoLayoutPracticeTests.swift in Sources */,
			);
			runOnlyForDeploymentPostprocessing = 0;
		};
		3C68090F20D0417500A5D2FB /* Sources */ = {
			isa = PBXSourcesBuildPhase;
			buildActionMask = 2147483647;
			files = (
				3C68091820D0417500A5D2FB /* AutoLayoutPracticeUITests.swift in Sources */,
			);
			runOnlyForDeploymentPostprocessing = 0;
		};
/* End PBXSourcesBuildPhase section */

/* Begin PBXTargetDependency section */
		3C68090A20D0417500A5D2FB /* PBXTargetDependency */ = {
			isa = PBXTargetDependency;
			target = 3C6808F320D0417400A5D2FB /* AutoLayoutPractice */;
			targetProxy = 3C68090920D0417500A5D2FB /* PBXContainerItemProxy */;
		};
		3C68091520D0417500A5D2FB /* PBXTargetDependency */ = {
			isa = PBXTargetDependency;
			target = 3C6808F320D0417400A5D2FB /* AutoLayoutPractice */;
			targetProxy = 3C68091420D0417500A5D2FB /* PBXContainerItemProxy */;
		};
/* End PBXTargetDependency section */

/* Begin PBXVariantGroup section */
		3C6808FB20D0417400A5D2FB /* Main.storyboard */ = {
			isa = PBXVariantGroup;
			children = (
				3C6808FC20D0417400A5D2FB /* Base */,
			);
			name = Main.storyboard;
			sourceTree = "<group>";
		};
		3C68090020D0417500A5D2FB /* LaunchScreen.storyboard */ = {
			isa = PBXVariantGroup;
			children = (
				3C68090120D0417500A5D2FB /* Base */,
			);
			name = LaunchScreen.storyboard;
			sourceTree = "<group>";
		};
/* End PBXVariantGroup section */

/* Begin XCBuildConfiguration section */
		3C68091A20D0417500A5D2FB /* Debug */ = {
			isa = XCBuildConfiguration;
			buildSettings = {
				ALWAYS_SEARCH_USER_PATHS = NO;
				CLANG_ANALYZER_NONNULL = YES;
				CLANG_ANALYZER_NUMBER_OBJECT_CONVERSION = YES_AGGRESSIVE;
				CLANG_CXX_LANGUAGE_STANDARD = "gnu++14";
				CLANG_CXX_LIBRARY = "libc++";
				CLANG_ENABLE_MODULES = YES;
				CLANG_ENABLE_OBJC_ARC = YES;
				CLANG_ENABLE_OBJC_WEAK = YES;
				CLANG_WARN_BLOCK_CAPTURE_AUTORELEASING = YES;
				CLANG_WARN_BOOL_CONVERSION = YES;
				CLANG_WARN_COMMA = YES;
				CLANG_WARN_CONSTANT_CONVERSION = YES;
				CLANG_WARN_DEPRECATED_OBJC_IMPLEMENTATIONS = YES;
				CLANG_WARN_DIRECT_OBJC_ISA_USAGE = YES_ERROR;
				CLANG_WARN_DOCUMENTATION_COMMENTS = YES;
				CLANG_WARN_EMPTY_BODY = YES;
				CLANG_WARN_ENUM_CONVERSION = YES;
				CLANG_WARN_INFINITE_RECURSION = YES;
				CLANG_WARN_INT_CONVERSION = YES;
				CLANG_WARN_NON_LITERAL_NULL_CONVERSION = YES;
				CLANG_WARN_OBJC_IMPLICIT_RETAIN_SELF = YES;
				CLANG_WARN_OBJC_LITERAL_CONVERSION = YES;
				CLANG_WARN_OBJC_ROOT_CLASS = YES_ERROR;
				CLANG_WARN_RANGE_LOOP_ANALYSIS = YES;
				CLANG_WARN_STRICT_PROTOTYPES = YES;
				CLANG_WARN_SUSPICIOUS_MOVE = YES;
				CLANG_WARN_UNGUARDED_AVAILABILITY = YES_AGGRESSIVE;
				CLANG_WARN_UNREACHABLE_CODE = YES;
				CLANG_WARN__DUPLICATE_METHOD_MATCH = YES;
				CODE_SIGN_IDENTITY = "iPhone Developer";
				COPY_PHASE_STRIP = NO;
				DEBUG_INFORMATION_FORMAT = dwarf;
				ENABLE_STRICT_OBJC_MSGSEND = YES;
				ENABLE_TESTABILITY = YES;
				GCC_C_LANGUAGE_STANDARD = gnu11;
				GCC_DYNAMIC_NO_PIC = NO;
				GCC_NO_COMMON_BLOCKS = YES;
				GCC_OPTIMIZATION_LEVEL = 0;
				GCC_PREPROCESSOR_DEFINITIONS = (
					"DEBUG=1",
					"$(inherited)",
				);
				GCC_WARN_64_TO_32_BIT_CONVERSION = YES;
				GCC_WARN_ABOUT_RETURN_TYPE = YES_ERROR;
				GCC_WARN_UNDECLARED_SELECTOR = YES;
				GCC_WARN_UNINITIALIZED_AUTOS = YES_AGGRESSIVE;
				GCC_WARN_UNUSED_FUNCTION = YES;
				GCC_WARN_UNUSED_VARIABLE = YES;
				IPHONEOS_DEPLOYMENT_TARGET = 11.4;
				MTL_ENABLE_DEBUG_INFO = YES;
				ONLY_ACTIVE_ARCH = YES;
				SDKROOT = iphoneos;
				SWIFT_ACTIVE_COMPILATION_CONDITIONS = DEBUG;
				SWIFT_OPTIMIZATION_LEVEL = "-Onone";
			};
			name = Debug;
		};
		3C68091B20D0417500A5D2FB /* Release */ = {
			isa = XCBuildConfiguration;
			buildSettings = {
				ALWAYS_SEARCH_USER_PATHS = NO;
				CLANG_ANALYZER_NONNULL = YES;
				CLANG_ANALYZER_NUMBER_OBJECT_CONVERSION = YES_AGGRESSIVE;
				CLANG_CXX_LANGUAGE_STANDARD = "gnu++14";
				CLANG_CXX_LIBRARY = "libc++";
				CLANG_ENABLE_MODULES = YES;
				CLANG_ENABLE_OBJC_ARC = YES;
				CLANG_ENABLE_OBJC_WEAK = YES;
				CLANG_WARN_BLOCK_CAPTURE_AUTORELEASING = YES;
				CLANG_WARN_BOOL_CONVERSION = YES;
				CLANG_WARN_COMMA = YES;
				CLANG_WARN_CONSTANT_CONVERSION = YES;
				CLANG_WARN_DEPRECATED_OBJC_IMPLEMENTATIONS = YES;
				CLANG_WARN_DIRECT_OBJC_ISA_USAGE = YES_ERROR;
				CLANG_WARN_DOCUMENTATION_COMMENTS = YES;
				CLANG_WARN_EMPTY_BODY = YES;
				CLANG_WARN_ENUM_CONVERSION = YES;
				CLANG_WARN_INFINITE_RECURSION = YES;
				CLANG_WARN_INT_CONVERSION = YES;
				CLANG_WARN_NON_LITERAL_NULL_CONVERSION = YES;
				CLANG_WARN_OBJC_IMPLICIT_RETAIN_SELF = YES;
				CLANG_WARN_OBJC_LITERAL_CONVERSION = YES;
				CLANG_WARN_OBJC_ROOT_CLASS = YES_ERROR;
				CLANG_WARN_RANGE_LOOP_ANALYSIS = YES;
				CLANG_WARN_STRICT_PROTOTYPES = YES;
				CLANG_WARN_SUSPICIOUS_MOVE = YES;
				CLANG_WARN_UNGUARDED_AVAILABILITY = YES_AGGRESSIVE;
				CLANG_WARN_UNREACHABLE_CODE = YES;
				CLANG_WARN__DUPLICATE_METHOD_MATCH = YES;
				CODE_SIGN_IDENTITY = "iPhone Developer";
				COPY_PHASE_STRIP = NO;
				DEBUG_INFORMATION_FORMAT = "dwarf-with-dsym";
				ENABLE_NS_ASSERTIONS = NO;
				ENABLE_STRICT_OBJC_MSGSEND = YES;
				GCC_C_LANGUAGE_STANDARD = gnu11;
				GCC_NO_COMMON_BLOCKS = YES;
				GCC_WARN_64_TO_32_BIT_CONVERSION = YES;
				GCC_WARN_ABOUT_RETURN_TYPE = YES_ERROR;
				GCC_WARN_UNDECLARED_SELECTOR = YES;
				GCC_WARN_UNINITIALIZED_AUTOS = YES_AGGRESSIVE;
				GCC_WARN_UNUSED_FUNCTION = YES;
				GCC_WARN_UNUSED_VARIABLE = YES;
				IPHONEOS_DEPLOYMENT_TARGET = 11.4;
				MTL_ENABLE_DEBUG_INFO = NO;
				SDKROOT = iphoneos;
				SWIFT_COMPILATION_MODE = wholemodule;
				SWIFT_OPTIMIZATION_LEVEL = "-O";
				VALIDATE_PRODUCT = YES;
			};
			name = Release;
		};
		3C68091D20D0417500A5D2FB /* Debug */ = {
			isa = XCBuildConfiguration;
			buildSettings = {
				ASSETCATALOG_COMPILER_APPICON_NAME = AppIcon;
				CODE_SIGN_STYLE = Automatic;
				DEVELOPMENT_TEAM = 22BZVH4RU7;
				INFOPLIST_FILE = AutoLayoutPractice/Info.plist;
				LD_RUNPATH_SEARCH_PATHS = (
					"$(inherited)",
					"@executable_path/Frameworks",
				);
				PRODUCT_BUNDLE_IDENTIFIER = tevedeh.AutoLayoutPractice;
				PRODUCT_NAME = "$(TARGET_NAME)";
				SWIFT_VERSION = 4.0;
				TARGETED_DEVICE_FAMILY = "1,2";
			};
			name = Debug;
		};
		3C68091E20D0417500A5D2FB /* Release */ = {
			isa = XCBuildConfiguration;
			buildSettings = {
				ASSETCATALOG_COMPILER_APPICON_NAME = AppIcon;
				CODE_SIGN_STYLE = Automatic;
				DEVELOPMENT_TEAM = 22BZVH4RU7;
				INFOPLIST_FILE = AutoLayoutPractice/Info.plist;
				LD_RUNPATH_SEARCH_PATHS = (
					"$(inherited)",
					"@executable_path/Frameworks",
				);
				PRODUCT_BUNDLE_IDENTIFIER = tevedeh.AutoLayoutPractice;
				PRODUCT_NAME = "$(TARGET_NAME)";
				SWIFT_VERSION = 4.0;
				TARGETED_DEVICE_FAMILY = "1,2";
			};
			name = Release;
		};
		3C68092020D0417500A5D2FB /* Debug */ = {
			isa = XCBuildConfiguration;
			buildSettings = {
				ALWAYS_EMBED_SWIFT_STANDARD_LIBRARIES = YES;
				BUNDLE_LOADER = "$(TEST_HOST)";
				CODE_SIGN_STYLE = Automatic;
				DEVELOPMENT_TEAM = 22BZVH4RU7;
				INFOPLIST_FILE = AutoLayoutPracticeTests/Info.plist;
				LD_RUNPATH_SEARCH_PATHS = (
					"$(inherited)",
					"@executable_path/Frameworks",
					"@loader_path/Frameworks",
				);
				PRODUCT_BUNDLE_IDENTIFIER = tevedeh.AutoLayoutPracticeTests;
				PRODUCT_NAME = "$(TARGET_NAME)";
				SWIFT_VERSION = 4.0;
				TARGETED_DEVICE_FAMILY = "1,2";
				TEST_HOST = "$(BUILT_PRODUCTS_DIR)/AutoLayoutPractice.app/AutoLayoutPractice";
			};
			name = Debug;
		};
		3C68092120D0417500A5D2FB /* Release */ = {
			isa = XCBuildConfiguration;
			buildSettings = {
				ALWAYS_EMBED_SWIFT_STANDARD_LIBRARIES = YES;
				BUNDLE_LOADER = "$(TEST_HOST)";
				CODE_SIGN_STYLE = Automatic;
				DEVELOPMENT_TEAM = 22BZVH4RU7;
				INFOPLIST_FILE = AutoLayoutPracticeTests/Info.plist;
				LD_RUNPATH_SEARCH_PATHS = (
					"$(inherited)",
					"@executable_path/Frameworks",
					"@loader_path/Frameworks",
				);
				PRODUCT_BUNDLE_IDENTIFIER = tevedeh.AutoLayoutPracticeTests;
				PRODUCT_NAME = "$(TARGET_NAME)";
				SWIFT_VERSION = 4.0;
				TARGETED_DEVICE_FAMILY = "1,2";
				TEST_HOST = "$(BUILT_PRODUCTS_DIR)/AutoLayoutPractice.app/AutoLayoutPractice";
			};
			name = Release;
		};
		3C68092320D0417500A5D2FB /* Debug */ = {
			isa = XCBuildConfiguration;
			buildSettings = {
				ALWAYS_EMBED_SWIFT_STANDARD_LIBRARIES = YES;
				CODE_SIGN_STYLE = Automatic;
				DEVELOPMENT_TEAM = 22BZVH4RU7;
				INFOPLIST_FILE = AutoLayoutPracticeUITests/Info.plist;
				LD_RUNPATH_SEARCH_PATHS = (
					"$(inherited)",
					"@executable_path/Frameworks",
					"@loader_path/Frameworks",
				);
				PRODUCT_BUNDLE_IDENTIFIER = tevedeh.AutoLayoutPracticeUITests;
				PRODUCT_NAME = "$(TARGET_NAME)";
				SWIFT_VERSION = 4.0;
				TARGETED_DEVICE_FAMILY = "1,2";
				TEST_TARGET_NAME = AutoLayoutPractice;
			};
			name = Debug;
		};
		3C68092420D0417500A5D2FB /* Release */ = {
			isa = XCBuildConfiguration;
			buildSettings = {
				ALWAYS_EMBED_SWIFT_STANDARD_LIBRARIES = YES;
				CODE_SIGN_STYLE = Automatic;
				DEVELOPMENT_TEAM = 22BZVH4RU7;
				INFOPLIST_FILE = AutoLayoutPracticeUITests/Info.plist;
				LD_RUNPATH_SEARCH_PATHS = (
					"$(inherited)",
					"@executable_path/Frameworks",
					"@loader_path/Frameworks",
				);
				PRODUCT_BUNDLE_IDENTIFIER = tevedeh.AutoLayoutPracticeUITests;
				PRODUCT_NAME = "$(TARGET_NAME)";
				SWIFT_VERSION = 4.0;
				TARGETED_DEVICE_FAMILY = "1,2";
				TEST_TARGET_NAME = AutoLayoutPractice;
			};
			name = Release;
		};
/* End XCBuildConfiguration section */

/* Begin XCConfigurationList section */
		3C6808EF20D0417400A5D2FB /* Build configuration list for PBXProject "AutoLayoutPractice" */ = {
			isa = XCConfigurationList;
			buildConfigurations = (
				3C68091A20D0417500A5D2FB /* Debug */,
				3C68091B20D0417500A5D2FB /* Release */,
			);
			defaultConfigurationIsVisible = 0;
			defaultConfigurationName = Release;
		};
		3C68091C20D0417500A5D2FB /* Build configuration list for PBXNativeTarget "AutoLayoutPractice" */ = {
			isa = XCConfigurationList;
			buildConfigurations = (
				3C68091D20D0417500A5D2FB /* Debug */,
				3C68091E20D0417500A5D2FB /* Release */,
			);
			defaultConfigurationIsVisible = 0;
			defaultConfigurationName = Release;
		};
		3C68091F20D0417500A5D2FB /* Build configuration list for PBXNativeTarget "AutoLayoutPracticeTests" */ = {
			isa = XCConfigurationList;
			buildConfigurations = (
				3C68092020D0417500A5D2FB /* Debug */,
				3C68092120D0417500A5D2FB /* Release */,
			);
			defaultConfigurationIsVisible = 0;
			defaultConfigurationName = Release;
		};
		3C68092220D0417500A5D2FB /* Build configuration list for PBXNativeTarget "AutoLayoutPracticeUITests" */ = {
			isa = XCConfigurationList;
			buildConfigurations = (
				3C68092320D0417500A5D2FB /* Debug */,
				3C68092420D0417500A5D2FB /* Release */,
			);
			defaultConfigurationIsVisible = 0;
			defaultConfigurationName = Release;
		};
/* End XCConfigurationList section */
	};
	rootObject = 3C6808EC20D0417400A5D2FB /* Project object */;
}
